// !$*UTF8*$!
{
	archiveVersion = 1;
	classes = {
	};
	objectVersion = 55;
	objects = {

/* Begin PBXBuildFile section */
		D76C91E02800DD2400B6B381 /* Page.swift in Sources */ = {isa = PBXBuildFile; fileRef = D76C91DF2800DD2400B6B381 /* Page.swift */; };
		D7E2946E27FE52A5008D78F6 /* AppDelegate.swift in Sources */ = {isa = PBXBuildFile; fileRef = D7E2946D27FE52A5008D78F6 /* AppDelegate.swift */; };
		D7E2947227FE52A5008D78F6 /* ViewController.swift in Sources */ = {isa = PBXBuildFile; fileRef = D7E2947127FE52A5008D78F6 /* ViewController.swift */; };
		D7E2947527FE52A5008D78F6 /* Main.storyboard in Resources */ = {isa = PBXBuildFile; fileRef = D7E2947327FE52A5008D78F6 /* Main.storyboard */; };
		D7E2947727FE52A6008D78F6 /* Assets.xcassets in Resources */ = {isa = PBXBuildFile; fileRef = D7E2947627FE52A6008D78F6 /* Assets.xcassets */; };
		D7E2947A27FE52A6008D78F6 /* LaunchScreen.storyboard in Resources */ = {isa = PBXBuildFile; fileRef = D7E2947827FE52A6008D78F6 /* LaunchScreen.storyboard */; };
		D7E833F828008F3D004CDC31 /* SwipingController.swift in Sources */ = {isa = PBXBuildFile; fileRef = D7E833F728008F3D004CDC31 /* SwipingController.swift */; };
		D7E833FA28009492004CDC31 /* PageCell.swift in Sources */ = {isa = PBXBuildFile; fileRef = D7E833F928009492004CDC31 /* PageCell.swift */; };
/* End PBXBuildFile section */

/* Begin PBXFileReference section */
		D76C91DF2800DD2400B6B381 /* Page.swift */ = {isa = PBXFileReference; lastKnownFileType = sourcecode.swift; path = Page.swift; sourceTree = "<group>"; };
		D7E2946A27FE52A5008D78F6 /* lbta-autolayout.app */ = {isa = PBXFileReference; explicitFileType = wrapper.application; includeInIndex = 0; path = "lbta-autolayout.app"; sourceTree = BUILT_PRODUCTS_DIR; };
		D7E2946D27FE52A5008D78F6 /* AppDelegate.swift */ = {isa = PBXFileReference; lastKnownFileType = sourcecode.swift; path = AppDelegate.swift; sourceTree = "<group>"; };
		D7E2947127FE52A5008D78F6 /* ViewController.swift */ = {isa = PBXFileReference; lastKnownFileType = sourcecode.swift; path = ViewController.swift; sourceTree = "<group>"; };
		D7E2947427FE52A5008D78F6 /* Base */ = {isa = PBXFileReference; lastKnownFileType = file.storyboard; name = Base; path = Base.lproj/Main.storyboard; sourceTree = "<group>"; };
		D7E2947627FE52A6008D78F6 /* Assets.xcassets */ = {isa = PBXFileReference; lastKnownFileType = folder.assetcatalog; path = Assets.xcassets; sourceTree = "<group>"; };
		D7E2947927FE52A6008D78F6 /* Base */ = {isa = PBXFileReference; lastKnownFileType = file.storyboard; name = Base; path = Base.lproj/LaunchScreen.storyboard; sourceTree = "<group>"; };
		D7E2947B27FE52A6008D78F6 /* Info.plist */ = {isa = PBXFileReference; lastKnownFileType = text.plist.xml; path = Info.plist; sourceTree = "<group>"; };
		D7E833F728008F3D004CDC31 /* SwipingController.swift */ = {isa = PBXFileReference; lastKnownFileType = sourcecode.swift; path = SwipingController.swift; sourceTree = "<group>"; };
		D7E833F928009492004CDC31 /* PageCell.swift */ = {isa = PBXFileReference; lastKnownFileType = sourcecode.swift; path = PageCell.swift; sourceTree = "<group>"; };
/* End PBXFileReference section */

/* Begin PBXFrameworksBuildPhase section */
		D7E2946727FE52A5008D78F6 /* Frameworks */ = {
			isa = PBXFrameworksBuildPhase;
			buildActionMask = 2147483647;
			files = (
			);
			runOnlyForDeploymentPostprocessing = 0;
		};
/* End PBXFrameworksBuildPhase section */

/* Begin PBXGroup section */
		D7E2946127FE52A5008D78F6 = {
			isa = PBXGroup;
			children = (
				D7E2946C27FE52A5008D78F6 /* lbta-autolayout */,
				D7E2946B27FE52A5008D78F6 /* Products */,
			);
			sourceTree = "<group>";
		};
		D7E2946B27FE52A5008D78F6 /* Products */ = {
			isa = PBXGroup;
			children = (
				D7E2946A27FE52A5008D78F6 /* lbta-autolayout.app */,
			);
			name = Products;
			sourceTree = "<group>";
		};
		D7E2946C27FE52A5008D78F6 /* lbta-autolayout */ = {
			isa = PBXGroup;
			children = (
				D7E2946D27FE52A5008D78F6 /* AppDelegate.swift */,
				D7E833F728008F3D004CDC31 /* SwipingController.swift */,
				D76C91DF2800DD2400B6B381 /* Page.swift */,
				D7E833F928009492004CDC31 /* PageCell.swift */,
				D7E2947127FE52A5008D78F6 /* ViewController.swift */,
				D7E2947327FE52A5008D78F6 /* Main.storyboard */,
				D7E2947627FE52A6008D78F6 /* Assets.xcassets */,
				D7E2947827FE52A6008D78F6 /* LaunchScreen.storyboard */,
				D7E2947B27FE52A6008D78F6 /* Info.plist */,
			);
			path = "lbta-autolayout";
			sourceTree = "<group>";
		};
/* End PBXGroup section */

/* Begin PBXNativeTarget section */
		D7E2946927FE52A5008D78F6 /* lbta-autolayout */ = {
			isa = PBXNativeTarget;
			buildConfigurationList = D7E2947E27FE52A6008D78F6 /* Build configuration list for PBXNativeTarget "lbta-autolayout" */;
			buildPhases = (
				D7E2946627FE52A5008D78F6 /* Sources */,
				D7E2946727FE52A5008D78F6 /* Frameworks */,
				D7E2946827FE52A5008D78F6 /* Resources */,
			);
			buildRules = (
			);
			dependencies = (
			);
			name = "lbta-autolayout";
			productName = "lbta-autolayout";
			productReference = D7E2946A27FE52A5008D78F6 /* lbta-autolayout.app */;
			productType = "com.apple.product-type.application";
		};
/* End PBXNativeTarget section */

/* Begin PBXProject section */
		D7E2946227FE52A5008D78F6 /* Project object */ = {
			isa = PBXProject;
			attributes = {
				BuildIndependentTargetsInParallel = 1;
				LastSwiftUpdateCheck = 1330;
				LastUpgradeCheck = 1330;
				TargetAttributes = {
					D7E2946927FE52A5008D78F6 = {
						CreatedOnToolsVersion = 13.3;
					};
				};
			};
			buildConfigurationList = D7E2946527FE52A5008D78F6 /* Build configuration list for PBXProject "lbta-autolayout" */;
			compatibilityVersion = "Xcode 13.0";
			developmentRegion = en;
			hasScannedForEncodings = 0;
			knownRegions = (
				en,
				Base,
			);
			mainGroup = D7E2946127FE52A5008D78F6;
			productRefGroup = D7E2946B27FE52A5008D78F6 /* Products */;
			projectDirPath = "";
			projectRoot = "";
			targets = (
				D7E2946927FE52A5008D78F6 /* lbta-autolayout */,
			);
		};
/* End PBXProject section */

/* Begin PBXResourcesBuildPhase section */
		D7E2946827FE52A5008D78F6 /* Resources */ = {
			isa = PBXResourcesBuildPhase;
			buildActionMask = 2147483647;
			files = (
				D7E2947A27FE52A6008D78F6 /* LaunchScreen.storyboard in Resources */,
				D7E2947727FE52A6008D78F6 /* Assets.xcassets in Resources */,
				D7E2947527FE52A5008D78F6 /* Main.storyboard in Resources */,
			);
			runOnlyForDeploymentPostprocessing = 0;
		};
/* End PBXResourcesBuildPhase section */

/* Begin PBXSourcesBuildPhase section */
		D7E2946627FE52A5008D78F6 /* Sources */ = {
			isa = PBXSourcesBuildPhase;
			buildActionMask = 2147483647;
			files = (
				D7E2947227FE52A5008D78F6 /* ViewController.swift in Sources */,
				D7E2946E27FE52A5008D78F6 /* AppDelegate.swift in Sources */,
				D7E833FA28009492004CDC31 /* PageCell.swift in Sources */,
				D7E833F828008F3D004CDC31 /* SwipingController.swift in Sources */,
				D76C91E02800DD2400B6B381 /* Page.swift in Sources */,
			);
			runOnlyForDeploymentPostprocessing = 0;
		};
/* End PBXSourcesBuildPhase section */

/* Begin PBXVariantGroup section */
		D7E2947327FE52A5008D78F6 /* Main.storyboard */ = {
			isa = PBXVariantGroup;
			children = (
				D7E2947427FE52A5008D78F6 /* Base */,
			);
			name = Main.storyboard;
			sourceTree = "<group>";
		};
		D7E2947827FE52A6008D78F6 /* LaunchScreen.storyboard */ = {
			isa = PBXVariantGroup;
			children = (
				D7E2947927FE52A6008D78F6 /* Base */,
			);
			name = LaunchScreen.storyboard;
			sourceTree = "<group>";
		};
/* End PBXVariantGroup section */

/* Begin XCBuildConfiguration section */
		D7E2947C27FE52A6008D78F6 /* Debug */ = {
			isa = XCBuildConfiguration;
			buildSettings = {
				ALWAYS_SEARCH_USER_PATHS = NO;
				CLANG_ANALYZER_NONNULL = YES;
				CLANG_ANALYZER_NUMBER_OBJECT_CONVERSION = YES_AGGRESSIVE;
				CLANG_CXX_LANGUAGE_STANDARD = "gnu++17";
				CLANG_ENABLE_MODULES = YES;
				CLANG_ENABLE_OBJC_ARC = YES;
				CLANG_ENABLE_OBJC_WEAK = YES;
				CLANG_WARN_BLOCK_CAPTURE_AUTORELEASING = YES;
				CLANG_WARN_BOOL_CONVERSION = YES;
				CLANG_WARN_COMMA = YES;
				CLANG_WARN_CONSTANT_CONVERSION = YES;
				CLANG_WARN_DEPRECATED_OBJC_IMPLEMENTATIONS = YES;
				CLANG_WARN_DIRECT_OBJC_ISA_USAGE = YES_ERROR;
				CLANG_WARN_DOCUMENTATION_COMMENTS = YES;
				CLANG_WARN_EMPTY_BODY = YES;
				CLANG_WARN_ENUM_CONVERSION = YES;
				CLANG_WARN_INFINITE_RECURSION = YES;
				CLANG_WARN_INT_CONVERSION = YES;
				CLANG_WARN_NON_LITERAL_NULL_CONVERSION = YES;
				CLANG_WARN_OBJC_IMPLICIT_RETAIN_SELF = YES;
				CLANG_WARN_OBJC_LITERAL_CONVERSION = YES;
				CLANG_WARN_OBJC_ROOT_CLASS = YES_ERROR;
				CLANG_WARN_QUOTED_INCLUDE_IN_FRAMEWORK_HEADER = YES;
				CLANG_WARN_RANGE_LOOP_ANALYSIS = YES;
				CLANG_WARN_STRICT_PROTOTYPES = YES;
				CLANG_WARN_SUSPICIOUS_MOVE = YES;
				CLANG_WARN_UNGUARDED_AVAILABILITY = YES_AGGRESSIVE;
				CLANG_WARN_UNREACHABLE_CODE = YES;
				CLANG_WARN__DUPLICATE_METHOD_MATCH = YES;
				COPY_PHASE_STRIP = NO;
				DEBUG_INFORMATION_FORMAT = dwarf;
				ENABLE_STRICT_OBJC_MSGSEND = YES;
				ENABLE_TESTABILITY = YES;
				GCC_C_LANGUAGE_STANDARD = gnu11;
				GCC_DYNAMIC_NO_PIC = NO;
				GCC_NO_COMMON_BLOCKS = YES;
				GCC_OPTIMIZATION_LEVEL = 0;
				GCC_PREPROCESSOR_DEFINITIONS = (
					"DEBUG=1",
					"$(inherited)",
				);
				GCC_WARN_64_TO_32_BIT_CONVERSION = YES;
				GCC_WARN_ABOUT_RETURN_TYPE = YES_ERROR;
				GCC_WARN_UNDECLARED_SELECTOR = YES;
				GCC_WARN_UNINITIALIZED_AUTOS = YES_AGGRESSIVE;
				GCC_WARN_UNUSED_FUNCTION = YES;
				GCC_WARN_UNUSED_VARIABLE = YES;
				IPHONEOS_DEPLOYMENT_TARGET = 15.4;
				MTL_ENABLE_DEBUG_INFO = INCLUDE_SOURCE;
				MTL_FAST_MATH = YES;
				ONLY_ACTIVE_ARCH = YES;
				SDKROOT = iphoneos;
				SWIFT_ACTIVE_COMPILATION_CONDITIONS = DEBUG;
				SWIFT_OPTIMIZATION_LEVEL = "-Onone";
			};
			name = Debug;
		};
		D7E2947D27FE52A6008D78F6 /* Release */ = {
			isa = XCBuildConfiguration;
			buildSettings = {
				ALWAYS_SEARCH_USER_PATHS = NO;
				CLANG_ANALYZER_NONNULL = YES;
				CLANG_ANALYZER_NUMBER_OBJECT_CONVERSION = YES_AGGRESSIVE;
				CLANG_CXX_LANGUAGE_STANDARD = "gnu++17";
				CLANG_ENABLE_MODULES = YES;
				CLANG_ENABLE_OBJC_ARC = YES;
				CLANG_ENABLE_OBJC_WEAK = YES;
				CLANG_WARN_BLOCK_CAPTURE_AUTORELEASING = YES;
				CLANG_WARN_BOOL_CONVERSION = YES;
				CLANG_WARN_COMMA = YES;
				CLANG_WARN_CONSTANT_CONVERSION = YES;
				CLANG_WARN_DEPRECATED_OBJC_IMPLEMENTATIONS = YES;
				CLANG_WARN_DIRECT_OBJC_ISA_USAGE = YES_ERROR;
				CLANG_WARN_DOCUMENTATION_COMMENTS = YES;
				CLANG_WARN_EMPTY_BODY = YES;
				CLANG_WARN_ENUM_CONVERSION = YES;
				CLANG_WARN_INFINITE_RECURSION = YES;
				CLANG_WARN_INT_CONVERSION = YES;
				CLANG_WARN_NON_LITERAL_NULL_CONVERSION = YES;
				CLANG_WARN_OBJC_IMPLICIT_RETAIN_SELF = YES;
				CLANG_WARN_OBJC_LITERAL_CONVERSION = YES;
				CLANG_WARN_OBJC_ROOT_CLASS = YES_ERROR;
				CLANG_WARN_QUOTED_INCLUDE_IN_FRAMEWORK_HEADER = YES;
				CLANG_WARN_RANGE_LOOP_ANALYSIS = YES;
				CLANG_WARN_STRICT_PROTOTYPES = YES;
				CLANG_WARN_SUSPICIOUS_MOVE = YES;
				CLANG_WARN_UNGUARDED_AVAILABILITY = YES_AGGRESSIVE;
				CLANG_WARN_UNREACHABLE_CODE = YES;
				CLANG_WARN__DUPLICATE_METHOD_MATCH = YES;
				COPY_PHASE_STRIP = NO;
				DEBUG_INFORMATION_FORMAT = "dwarf-with-dsym";
				ENABLE_NS_ASSERTIONS = NO;
				ENABLE_STRICT_OBJC_MSGSEND = YES;
				GCC_C_LANGUAGE_STANDARD = gnu11;
				GCC_NO_COMMON_BLOCKS = YES;
				GCC_WARN_64_TO_32_BIT_CONVERSION = YES;
				GCC_WARN_ABOUT_RETURN_TYPE = YES_ERROR;
				GCC_WARN_UNDECLARED_SELECTOR = YES;
				GCC_WARN_UNINITIALIZED_AUTOS = YES_AGGRESSIVE;
				GCC_WARN_UNUSED_FUNCTION = YES;
				GCC_WARN_UNUSED_VARIABLE = YES;
				IPHONEOS_DEPLOYMENT_TARGET = 15.4;
				MTL_ENABLE_DEBUG_INFO = NO;
				MTL_FAST_MATH = YES;
				SDKROOT = iphoneos;
				SWIFT_COMPILATION_MODE = wholemodule;
				SWIFT_OPTIMIZATION_LEVEL = "-O";
				VALIDATE_PRODUCT = YES;
			};
			name = Release;
		};
		D7E2947F27FE52A6008D78F6 /* Debug */ = {
			isa = XCBuildConfiguration;
			buildSettings = {
				ASSETCATALOG_COMPILER_APPICON_NAME = AppIcon;
				ASSETCATALOG_COMPILER_GLOBAL_ACCENT_COLOR_NAME = AccentColor;
				CODE_SIGN_STYLE = Automatic;
				CURRENT_PROJECT_VERSION = 1;
				DEVELOPMENT_TEAM = 65W84796RK;
				GENERATE_INFOPLIST_FILE = YES;
				INFOPLIST_FILE = "lbta-autolayout/Info.plist";
				INFOPLIST_KEY_UIApplicationSupportsIndirectInputEvents = YES;
				INFOPLIST_KEY_UILaunchStoryboardName = LaunchScreen;
				INFOPLIST_KEY_UISupportedInterfaceOrientations_iPad = "UIInterfaceOrientationPortrait UIInterfaceOrientationPortraitUpsideDown UIInterfaceOrientationLandscapeLeft UIInterfaceOrientationLandscapeRight";
				INFOPLIST_KEY_UISupportedInterfaceOrientations_iPhone = "UIInterfaceOrientationPortrait UIInterfaceOrientationLandscapeLeft UIInterfaceOrientationLandscapeRight";
				LD_RUNPATH_SEARCH_PATHS = (
					"$(inherited)",
					"@executable_path/Frameworks",
				);
				MARKETING_VERSION = 1.0;
				PRODUCT_BUNDLE_IDENTIFIER = "mtsyganov.lbta-autolayout";
				PRODUCT_NAME = "$(TARGET_NAME)";
				SWIFT_EMIT_LOC_STRINGS = YES;
				SWIFT_VERSION = 5.0;
				TARGETED_DEVICE_FAMILY = "1,2";
			};
			name = Debug;
		};
		D7E2948027FE52A6008D78F6 /* Release */ = {
			isa = XCBuildConfiguration;
			buildSettings = {
				ASSETCATALOG_COMPILER_APPICON_NAME = AppIcon;
				ASSETCATALOG_COMPILER_GLOBAL_ACCENT_COLOR_NAME = AccentColor;
				CODE_SIGN_STYLE = Automatic;
				CURRENT_PROJECT_VERSION = 1;
				DEVELOPMENT_TEAM = 65W84796RK;
				GENERATE_INFOPLIST_FILE = YES;
				INFOPLIST_FILE = "lbta-autolayout/Info.plist";
				INFOPLIST_KEY_UIApplicationSupportsIndirectInputEvents = YES;
				INFOPLIST_KEY_UILaunchStoryboardName = LaunchScreen;
				INFOPLIST_KEY_UISupportedInterfaceOrientations_iPad = "UIInterfaceOrientationPortrait UIInterfaceOrientationPortraitUpsideDown UIInterfaceOrientationLandscapeLeft UIInterfaceOrientationLandscapeRight";
				INFOPLIST_KEY_UISupportedInterfaceOrientations_iPhone = "UIInterfaceOrientationPortrait UIInterfaceOrientationLandscapeLeft UIInterfaceOrientationLandscapeRight";
				LD_RUNPATH_SEARCH_PATHS = (
					"$(inherited)",
					"@executable_path/Frameworks",
				);
				MARKETING_VERSION = 1.0;
				PRODUCT_BUNDLE_IDENTIFIER = "mtsyganov.lbta-autolayout";
				PRODUCT_NAME = "$(TARGET_NAME)";
				SWIFT_EMIT_LOC_STRINGS = YES;
				SWIFT_VERSION = 5.0;
				TARGETED_DEVICE_FAMILY = "1,2";
			};
			name = Release;
		};
/* End XCBuildConfiguration section */

/* Begin XCConfigurationList section */
		D7E2946527FE52A5008D78F6 /* Build configuration list for PBXProject "lbta-autolayout" */ = {
			isa = XCConfigurationList;
			buildConfigurations = (
				D7E2947C27FE52A6008D78F6 /* Debug */,
				D7E2947D27FE52A6008D78F6 /* Release */,
			);
			defaultConfigurationIsVisible = 0;
			defaultConfigurationName = Release;
		};
		D7E2947E27FE52A6008D78F6 /* Build configuration list for PBXNativeTarget "lbta-autolayout" */ = {
			isa = XCConfigurationList;
			buildConfigurations = (
				D7E2947F27FE52A6008D78F6 /* Debug */,
				D7E2948027FE52A6008D78F6 /* Release */,
			);
			defaultConfigurationIsVisible = 0;
			defaultConfigurationName = Release;
		};
/* End XCConfigurationList section */
	};
	rootObject = D7E2946227FE52A5008D78F6 /* Project object */;
}
